
Microsoft Visual Studio Solution File, Format Version 12.00
# Visual Studio Version 17
VisualStudioVersion = 17.10.34928.147
MinimumVisualStudioVersion = 10.0.40219.1
Project("{FAE04EC0-301F-11D3-BF4B-00C04F79EFBC}") = "PitLaneShop", "PitLaneShop\PitLaneShop.csproj", "{69E190F7-C7D8-4A99-8BC1-DA89447DA96F}"
EndProject
Project("{E53339B2-1760-4266-BCC7-CA923CBCF16C}") = "docker-compose", "docker-compose.dcproj", "{DF106B89-5E76-4DE6-92B5-F78616B5F2AE}"
EndProject
Global
	GlobalSection(SolutionConfigurationPlatforms) = preSolution
		Debug|Any CPU = Debug|Any CPU
		Release|Any CPU = Release|Any CPU
	EndGlobalSection
	GlobalSection(ProjectConfigurationPlatforms) = postSolution
		{69E190F7-C7D8-4A99-8BC1-DA89447DA96F}.Debug|Any CPU.ActiveCfg = Debug|Any CPU
		{69E190F7-C7D8-4A99-8BC1-DA89447DA96F}.Debug|Any CPU.Build.0 = Debug|Any CPU
		{69E190F7-C7D8-4A99-8BC1-DA89447DA96F}.Release|Any CPU.ActiveCfg = Release|Any CPU
		{69E190F7-C7D8-4A99-8BC1-DA89447DA96F}.Release|Any CPU.Build.0 = Release|Any CPU
		{DF106B89-5E76-4DE6-92B5-F78616B5F2AE}.Debug|Any CPU.ActiveCfg = Debug|Any CPU
		{DF106B89-5E76-4DE6-92B5-F78616B5F2AE}.Debug|Any CPU.Build.0 = Debug|Any CPU
		{DF106B89-5E76-4DE6-92B5-F78616B5F2AE}.Release|Any CPU.ActiveCfg = Release|Any CPU
		{DF106B89-5E76-4DE6-92B5-F78616B5F2AE}.Release|Any CPU.Build.0 = Release|Any CPU
	EndGlobalSection
	GlobalSection(SolutionProperties) = preSolution
		HideSolutionNode = FALSE
	EndGlobalSection
	GlobalSection(ExtensibilityGlobals) = postSolution
		SolutionGuid = {C3007BD7-3305-401B-8E3C-7905E9393F0C}
	EndGlobalSection
EndGlobal
